{
  "requires": true,
  "lockfileVersion": 1,
  "dependencies": {
    "@types/angularjs": {
      "version": "1.5.14-alpha",
      "resolved": "https://registry.npmjs.org/@types/angularjs/-/angularjs-1.5.14-alpha.tgz",
      "integrity": "sha1-Kt2AyI4dhK3gfgQpGIQwk7asmAg=",
      "dev": true
    }
  }
}
